
Microsoft Visual Studio Solution File, Format Version 12.00
# Visual Studio Version 17
VisualStudioVersion = 17.9.34607.119
MinimumVisualStudioVersion = 10.0.40219.1
Project("{FAE04EC0-301F-11D3-BF4B-00C04F79EFBC}") = "AspNetMvc_lesson_app", "AspNetMvc_lesson_app\AspNetMvc_lesson_app.csproj", "{5D616A31-9591-4926-BE48-D6DA861593D3}"
EndProject
Global
	GlobalSection(SolutionConfigurationPlatforms) = preSolution
		Debug|Any CPU = Debug|Any CPU
		Release|Any CPU = Release|Any CPU
	EndGlobalSection
	GlobalSection(ProjectConfigurationPlatforms) = postSolution
		{5D616A31-9591-4926-BE48-D6DA861593D3}.Debug|Any CPU.ActiveCfg = Debug|Any CPU
		{5D616A31-9591-4926-BE48-D6DA861593D3}.Debug|Any CPU.Build.0 = Debug|Any CPU
		{5D616A31-9591-4926-BE48-D6DA861593D3}.Release|Any CPU.ActiveCfg = Release|Any CPU
		{5D616A31-9591-4926-BE48-D6DA861593D3}.Release|Any CPU.Build.0 = Release|Any CPU
	EndGlobalSection
	GlobalSection(SolutionProperties) = preSolution
		HideSolutionNode = FALSE
	EndGlobalSection
	GlobalSection(ExtensibilityGlobals) = postSolution
		SolutionGuid = {03F1F03E-17AE-425D-AD3A-0918FC9732C7}
	EndGlobalSection
EndGlobal
